# platform: linux-64
@EXPLICIT
https://conda.anaconda.org/conda-forge/linux-64/libzlib-1.3.2-h25fd6f3_3.conda#sha256:eb8a0db0aa570124f7d2a93d7c7f596e3390df5e047818d873baad32985fc736
https://conda.anaconda.org/conda-forge/linux-64/libgomp-16.2.0-he0feb66_7.conda#sha256:92a0bb350c7be6a4eedcb4e111c60aefd176018e6b1c009a6e025dbe9bbcd758
https://conda.anaconda.org/conda-forge/linux-64/_openmp_mutex-4.5-20_gnu.conda#sha256:1dd3fffd892081df9726d7eb7e0dea6198962ba775bd88842135a4ddb4deb3c9
https://conda.anaconda.org/conda-forge/linux-64/libgcc-16.2.0-ha9f2e26_7.conda#sha256:e031634c3a928f9594eba868bc46ef5230d6571a364a0c63215b06c4563bfcea
https://conda.anaconda.org/conda-forge/linux-64/libstdcxx-16.2.0-h934c35e_7.conda#sha256:fa7018298629fc429971fffd6ecba3d27a7b02e4e890d6a93ea01ffebe8cb745
https://conda.anaconda.org/bioconda/linux-64/ont-modkit-0.6.4-h7f49ad2_0.conda#sha256:ab8190dd67a778619155b079307a1dc1cda939668b3d12d0538632100df2dcbe
